
Microsoft Visual Studio Solution File, Format Version 12.00
# Visual Studio Version 17
VisualStudioVersion = 17.5.33627.172
MinimumVisualStudioVersion = 10.0.40219.1
Project("{FAE04EC0-301F-11D3-BF4B-00C04F79EFBC}") = "StringCheckLibraryTests", "UnitTestProject1\StringCheckLibraryTests.csproj", "{8587E21C-7F63-4E16-BB34-998CA0DA45FD}"
EndProject
Project("{FAE04EC0-301F-11D3-BF4B-00C04F79EFBC}") = "StringCheckLibrary", "StringCheckLibrary\StringCheckLibrary.csproj", "{1665103B-3BD3-4127-A887-58752A6C8677}"
EndProject
Global
	GlobalSection(SolutionConfigurationPlatforms) = preSolution
		Debug|Any CPU = Debug|Any CPU
		Release|Any CPU = Release|Any CPU
	EndGlobalSection
	GlobalSection(ProjectConfigurationPlatforms) = postSolution
		{8587E21C-7F63-4E16-BB34-998CA0DA45FD}.Debug|Any CPU.ActiveCfg = Debug|Any CPU
		{8587E21C-7F63-4E16-BB34-998CA0DA45FD}.Debug|Any CPU.Build.0 = Debug|Any CPU
		{8587E21C-7F63-4E16-BB34-998CA0DA45FD}.Release|Any CPU.ActiveCfg = Release|Any CPU
		{8587E21C-7F63-4E16-BB34-998CA0DA45FD}.Release|Any CPU.Build.0 = Release|Any CPU
		{1665103B-3BD3-4127-A887-58752A6C8677}.Debug|Any CPU.ActiveCfg = Debug|Any CPU
		{1665103B-3BD3-4127-A887-58752A6C8677}.Debug|Any CPU.Build.0 = Debug|Any CPU
		{1665103B-3BD3-4127-A887-58752A6C8677}.Release|Any CPU.ActiveCfg = Release|Any CPU
		{1665103B-3BD3-4127-A887-58752A6C8677}.Release|Any CPU.Build.0 = Release|Any CPU
	EndGlobalSection
	GlobalSection(SolutionProperties) = preSolution
		HideSolutionNode = FALSE
	EndGlobalSection
	GlobalSection(ExtensibilityGlobals) = postSolution
		SolutionGuid = {7197CDD8-74F2-439E-A0E9-8F74B7E3D711}
	EndGlobalSection
EndGlobal
